
Microsoft Visual Studio Solution File, Format Version 12.00
Project("{2150E333-8FDC-42A3-9474-1A3956D46DE8}") = "src", "src", "{228BD5DD-BD85-4950-B64E-F8E0DCBB63CA}"
EndProject
Project("{2150E333-8FDC-42A3-9474-1A3956D46DE8}") = "CorePackages", "CorePackages", "{11E0758D-0E54-4FD1-8760-A40AA46A32F3}"
EndProject
Project("{2150E333-8FDC-42A3-9474-1A3956D46DE8}") = "Projects", "Projects", "{1E2EF9D3-0154-48A5-9CDF-F288E4C06EF5}"
EndProject
Project("{FAE04EC0-301F-11D3-BF4B-00C04F79EFBC}") = "Core.CrossCuttingConcerns", "src\CorePackages\Core.CrossCuttingConcerns\Core.CrossCuttingConcerns.csproj", "{BE86A28C-CABE-4A05-BB2C-3E786501B3A6}"
EndProject
Project("{FAE04EC0-301F-11D3-BF4B-00C04F79EFBC}") = "Core.Persistence", "src\CorePackages\Core.Persistence\Core.Persistence.csproj", "{978E1D57-0BB0-46E7-A2B7-B13F0AEE9AD1}"
EndProject
Project("{FAE04EC0-301F-11D3-BF4B-00C04F79EFBC}") = "Company.Domain", "src\Projects\Company.Domain\Company.Domain.csproj", "{B0978C59-C12A-42FE-AD8B-ED100814DE77}"
EndProject
Project("{FAE04EC0-301F-11D3-BF4B-00C04F79EFBC}") = "Company.Application", "src\Projects\Company.Application\Company.Application.csproj", "{7203C524-1925-494E-B5D6-C54D86FCCA87}"
EndProject
Project("{FAE04EC0-301F-11D3-BF4B-00C04F79EFBC}") = "Compnay.Persistence", "src\Projects\Compnay.Persistence\Compnay.Persistence.csproj", "{E2359FD0-1788-4C5E-BBCD-4325A11EEB87}"
EndProject
Project("{FAE04EC0-301F-11D3-BF4B-00C04F79EFBC}") = "Company.WebAPI", "src\Projects\Company.WebAPI\Company.WebAPI.csproj", "{B0D233AE-8E60-45D9-84DE-BD62B33DFBE5}"
EndProject
Global
	GlobalSection(SolutionConfigurationPlatforms) = preSolution
		Debug|Any CPU = Debug|Any CPU
		Release|Any CPU = Release|Any CPU
	EndGlobalSection
	GlobalSection(NestedProjects) = preSolution
		{11E0758D-0E54-4FD1-8760-A40AA46A32F3} = {228BD5DD-BD85-4950-B64E-F8E0DCBB63CA}
		{1E2EF9D3-0154-48A5-9CDF-F288E4C06EF5} = {228BD5DD-BD85-4950-B64E-F8E0DCBB63CA}
		{BE86A28C-CABE-4A05-BB2C-3E786501B3A6} = {11E0758D-0E54-4FD1-8760-A40AA46A32F3}
		{978E1D57-0BB0-46E7-A2B7-B13F0AEE9AD1} = {11E0758D-0E54-4FD1-8760-A40AA46A32F3}
		{B0978C59-C12A-42FE-AD8B-ED100814DE77} = {1E2EF9D3-0154-48A5-9CDF-F288E4C06EF5}
		{7203C524-1925-494E-B5D6-C54D86FCCA87} = {1E2EF9D3-0154-48A5-9CDF-F288E4C06EF5}
		{E2359FD0-1788-4C5E-BBCD-4325A11EEB87} = {1E2EF9D3-0154-48A5-9CDF-F288E4C06EF5}
		{B0D233AE-8E60-45D9-84DE-BD62B33DFBE5} = {1E2EF9D3-0154-48A5-9CDF-F288E4C06EF5}
	EndGlobalSection
	GlobalSection(ProjectConfigurationPlatforms) = postSolution
		{BE86A28C-CABE-4A05-BB2C-3E786501B3A6}.Debug|Any CPU.ActiveCfg = Debug|Any CPU
		{BE86A28C-CABE-4A05-BB2C-3E786501B3A6}.Debug|Any CPU.Build.0 = Debug|Any CPU
		{BE86A28C-CABE-4A05-BB2C-3E786501B3A6}.Release|Any CPU.ActiveCfg = Release|Any CPU
		{BE86A28C-CABE-4A05-BB2C-3E786501B3A6}.Release|Any CPU.Build.0 = Release|Any CPU
		{978E1D57-0BB0-46E7-A2B7-B13F0AEE9AD1}.Debug|Any CPU.ActiveCfg = Debug|Any CPU
		{978E1D57-0BB0-46E7-A2B7-B13F0AEE9AD1}.Debug|Any CPU.Build.0 = Debug|Any CPU
		{978E1D57-0BB0-46E7-A2B7-B13F0AEE9AD1}.Release|Any CPU.ActiveCfg = Release|Any CPU
		{978E1D57-0BB0-46E7-A2B7-B13F0AEE9AD1}.Release|Any CPU.Build.0 = Release|Any CPU
		{B0978C59-C12A-42FE-AD8B-ED100814DE77}.Debug|Any CPU.ActiveCfg = Debug|Any CPU
		{B0978C59-C12A-42FE-AD8B-ED100814DE77}.Debug|Any CPU.Build.0 = Debug|Any CPU
		{B0978C59-C12A-42FE-AD8B-ED100814DE77}.Release|Any CPU.ActiveCfg = Release|Any CPU
		{B0978C59-C12A-42FE-AD8B-ED100814DE77}.Release|Any CPU.Build.0 = Release|Any CPU
		{7203C524-1925-494E-B5D6-C54D86FCCA87}.Debug|Any CPU.ActiveCfg = Debug|Any CPU
		{7203C524-1925-494E-B5D6-C54D86FCCA87}.Debug|Any CPU.Build.0 = Debug|Any CPU
		{7203C524-1925-494E-B5D6-C54D86FCCA87}.Release|Any CPU.ActiveCfg = Release|Any CPU
		{7203C524-1925-494E-B5D6-C54D86FCCA87}.Release|Any CPU.Build.0 = Release|Any CPU
		{E2359FD0-1788-4C5E-BBCD-4325A11EEB87}.Debug|Any CPU.ActiveCfg = Debug|Any CPU
		{E2359FD0-1788-4C5E-BBCD-4325A11EEB87}.Debug|Any CPU.Build.0 = Debug|Any CPU
		{E2359FD0-1788-4C5E-BBCD-4325A11EEB87}.Release|Any CPU.ActiveCfg = Release|Any CPU
		{E2359FD0-1788-4C5E-BBCD-4325A11EEB87}.Release|Any CPU.Build.0 = Release|Any CPU
		{B0D233AE-8E60-45D9-84DE-BD62B33DFBE5}.Debug|Any CPU.ActiveCfg = Debug|Any CPU
		{B0D233AE-8E60-45D9-84DE-BD62B33DFBE5}.Debug|Any CPU.Build.0 = Debug|Any CPU
		{B0D233AE-8E60-45D9-84DE-BD62B33DFBE5}.Release|Any CPU.ActiveCfg = Release|Any CPU
		{B0D233AE-8E60-45D9-84DE-BD62B33DFBE5}.Release|Any CPU.Build.0 = Release|Any CPU
	EndGlobalSection
EndGlobal
